
Microsoft Visual Studio Solution File, Format Version 12.00
# Visual Studio Version 17
VisualStudioVersion = 17.10.35122.118
MinimumVisualStudioVersion = 10.0.40219.1
Project("{FAE04EC0-301F-11D3-BF4B-00C04F79EFBC}") = "Tienda Online", "Tienda Onlina\Tienda Online.csproj", "{DF39DC84-8D3B-450D-80FB-FEB0C34B5477}"
EndProject
Project("{FAE04EC0-301F-11D3-BF4B-00C04F79EFBC}") = "Aplicacion tienda", "Aplicacion tienda\Aplicacion tienda.csproj", "{5CE73DDA-C455-4AFE-92D4-03E45BF92CB5}"
EndProject
Global
	GlobalSection(SolutionConfigurationPlatforms) = preSolution
		Debug|Any CPU = Debug|Any CPU
		Release|Any CPU = Release|Any CPU
	EndGlobalSection
	GlobalSection(ProjectConfigurationPlatforms) = postSolution
		{DF39DC84-8D3B-450D-80FB-FEB0C34B5477}.Debug|Any CPU.ActiveCfg = Debug|Any CPU
		{DF39DC84-8D3B-450D-80FB-FEB0C34B5477}.Debug|Any CPU.Build.0 = Debug|Any CPU
		{DF39DC84-8D3B-450D-80FB-FEB0C34B5477}.Release|Any CPU.ActiveCfg = Release|Any CPU
		{DF39DC84-8D3B-450D-80FB-FEB0C34B5477}.Release|Any CPU.Build.0 = Release|Any CPU
		{5CE73DDA-C455-4AFE-92D4-03E45BF92CB5}.Debug|Any CPU.ActiveCfg = Debug|Any CPU
		{5CE73DDA-C455-4AFE-92D4-03E45BF92CB5}.Debug|Any CPU.Build.0 = Debug|Any CPU
		{5CE73DDA-C455-4AFE-92D4-03E45BF92CB5}.Release|Any CPU.ActiveCfg = Release|Any CPU
		{5CE73DDA-C455-4AFE-92D4-03E45BF92CB5}.Release|Any CPU.Build.0 = Release|Any CPU
	EndGlobalSection
	GlobalSection(SolutionProperties) = preSolution
		HideSolutionNode = FALSE
	EndGlobalSection
	GlobalSection(ExtensibilityGlobals) = postSolution
		SolutionGuid = {5DB2936A-35BD-4452-AEC0-1F201FED85AA}
	EndGlobalSection
EndGlobal
